
Microsoft Visual Studio Solution File, Format Version 12.00
# Visual Studio Version 17
VisualStudioVersion = 17.0.32014.148
MinimumVisualStudioVersion = 10.0.40219.1
Project("{888888A0-9F3D-457C-B088-3A5042F75D52}") = "lab 1", "lab 1.pyproj", "{00325194-99D9-4DF6-ADD9-4397CF50CF46}"
EndProject
Global
	GlobalSection(SolutionConfigurationPlatforms) = preSolution
		Debug|Any CPU = Debug|Any CPU
		Release|Any CPU = Release|Any CPU
	EndGlobalSection
	GlobalSection(ProjectConfigurationPlatforms) = postSolution
		{00325194-99D9-4DF6-ADD9-4397CF50CF46}.Debug|Any CPU.ActiveCfg = Debug|Any CPU
		{00325194-99D9-4DF6-ADD9-4397CF50CF46}.Release|Any CPU.ActiveCfg = Release|Any CPU
	EndGlobalSection
	GlobalSection(SolutionProperties) = preSolution
		HideSolutionNode = FALSE
	EndGlobalSection
	GlobalSection(ExtensibilityGlobals) = postSolution
		SolutionGuid = {0595ACE7-6142-4131-9F54-FB3FFC9E6378}
	EndGlobalSection
EndGlobal
